
Microsoft Visual Studio Solution File, Format Version 12.00
# Visual Studio Version 17
VisualStudioVersion = 17.0.31903.59
MinimumVisualStudioVersion = 10.0.40219.1
Project("{2150E333-8FDC-42A3-9474-1A3956D46DE8}") = "Лаб 01. IntroXaml", "Лаб 01. IntroXaml", "{3ABBFDFE-4591-6336-6B71-FDF07D730243}"
EndProject
Project("{FAE04EC0-301F-11D3-BF4B-00C04F79EFBC}") = "IntroXaml", "Лаб 01. IntroXaml\IntroXaml.csproj", "{6C6E9B61-DFB5-4BB6-A258-E52F13B12328}"
EndProject
Project("{2150E333-8FDC-42A3-9474-1A3956D46DE8}") = "Лаб 02. LayoutPanels", "Лаб 02. LayoutPanels", "{C647556B-46E6-EC9F-0D0D-B500AAEE82F3}"
EndProject
Project("{FAE04EC0-301F-11D3-BF4B-00C04F79EFBC}") = "LayoutPanels", "Лаб 02. LayoutPanels\LayoutPanels.csproj", "{A6C823E2-F686-436F-AB10-321A455A5086}"
EndProject
Project("{2150E333-8FDC-42A3-9474-1A3956D46DE8}") = "Лаб 03.1. MenuToolbarStatus", "Лаб 03.1. MenuToolbarStatus", "{AA39CB17-F690-31BB-0C0B-45CC6E56C9BA}"
EndProject
Project("{FAE04EC0-301F-11D3-BF4B-00C04F79EFBC}") = "MenuToolbarStatus", "Лаб 03.1. MenuToolbarStatus\MenuToolbarStatus.csproj", "{C281A7DF-1706-4F39-9F3A-F387EAB0B877}"
EndProject
Project("{2150E333-8FDC-42A3-9474-1A3956D46DE8}") = "Лаб 03.2. GraphicsEditor", "Лаб 03.2. GraphicsEditor", "{24C402A7-E864-1F4A-07C5-3C7418F02530}"
EndProject
Project("{FAE04EC0-301F-11D3-BF4B-00C04F79EFBC}") = "GraphicsEditor", "Лаб 03.2. GraphicsEditor\GraphicsEditor.csproj", "{AE1BF326-23DA-4B99-9495-99F896359C85}"
EndProject
Project("{2150E333-8FDC-42A3-9474-1A3956D46DE8}") = "Лаб 04.1. BindingBasics", "Лаб 04.1. BindingBasics", "{4E87F482-69CC-20DF-8B29-06AA39A6299E}"
EndProject
Project("{FAE04EC0-301F-11D3-BF4B-00C04F79EFBC}") = "BindingBasics", "Лаб 04.1. BindingBasics\BindingBasics.csproj", "{22623BE7-B6BF-45AE-8985-CABD45809D9A}"
EndProject
Project("{2150E333-8FDC-42A3-9474-1A3956D46DE8}") = "Лаб 04.2. GraphicsEditorBinding", "Лаб 04.2. GraphicsEditorBinding", "{E5D1BE39-DE74-3F95-A52C-D89C66FCE595}"
EndProject
Project("{FAE04EC0-301F-11D3-BF4B-00C04F79EFBC}") = "GraphicsEditorBinding", "Лаб 04.2. GraphicsEditorBinding\GraphicsEditorBinding.csproj", "{07FD557A-8CF1-4430-B023-CB53BE05FCC4}"
EndProject
Project("{2150E333-8FDC-42A3-9474-1A3956D46DE8}") = "Лаб 05.1. StylePriority", "Лаб 05.1. StylePriority", "{C5F4466E-B6E5-BDDE-56CC-6D90F83E2C1A}"
EndProject
Project("{FAE04EC0-301F-11D3-BF4B-00C04F79EFBC}") = "StylePriority", "Лаб 05.1. StylePriority\StylePriority.csproj", "{B787166C-78E3-473D-BE84-952B22222954}"
EndProject
Project("{2150E333-8FDC-42A3-9474-1A3956D46DE8}") = "Лаб 05.2. StyledEditor", "Лаб 05.2. StyledEditor", "{2F537A7F-7676-5962-CAAC-075EC34636A5}"
EndProject
Project("{FAE04EC0-301F-11D3-BF4B-00C04F79EFBC}") = "StyledEditor", "Лаб 05.2. StyledEditor\StyledEditor.csproj", "{1308D921-F831-49E8-9BBB-7FEF748C4E5E}"
EndProject
Project("{2150E333-8FDC-42A3-9474-1A3956D46DE8}") = "Лаб 05.3. MultiEdit", "Лаб 05.3. MultiEdit", "{2CA6A61F-7A15-C148-A7D8-0245DF16EE04}"
EndProject
Project("{FAE04EC0-301F-11D3-BF4B-00C04F79EFBC}") = "MultiEdit", "Лаб 05.3. MultiEdit\MultiEdit.csproj", "{154028DA-20BC-488D-AD15-98F0A6C28B7E}"
EndProject
Project("{2150E333-8FDC-42A3-9474-1A3956D46DE8}") = "Лаб 06.1. TriggerPriority", "Лаб 06.1. TriggerPriority", "{83612884-8DF8-E89C-AE8C-127CCF0E3501}"
EndProject
Project("{FAE04EC0-301F-11D3-BF4B-00C04F79EFBC}") = "TriggerPriority", "Лаб 06.1. TriggerPriority\TriggerPriority.csproj", "{8A02845D-318E-4959-9C95-A0F1CA66406D}"
EndProject
Project("{2150E333-8FDC-42A3-9474-1A3956D46DE8}") = "Лаб 06.2. TriggerEditor", "Лаб 06.2. TriggerEditor", "{150C6142-0AF2-8B67-4ED8-427C50D64C29}"
EndProject
Project("{FAE04EC0-301F-11D3-BF4B-00C04F79EFBC}") = "TriggerEditor", "Лаб 06.2. TriggerEditor\TriggerEditor.csproj", "{5617EFB5-71F5-434D-AB83-016A96BA76AB}"
EndProject
Project("{2150E333-8FDC-42A3-9474-1A3956D46DE8}") = "Лаб 07.1. MultiEditAnimation", "Лаб 07.1. MultiEditAnimation", "{E2CCEF48-01F7-32EB-0492-4D3B07BC9F47}"
EndProject
Project("{FAE04EC0-301F-11D3-BF4B-00C04F79EFBC}") = "MultiEditAnimation", "Лаб 07.1. MultiEditAnimation\MultiEditAnimation.csproj", "{D9016ABB-CACA-4D1D-8C65-057A9945C3CB}"
EndProject
Project("{2150E333-8FDC-42A3-9474-1A3956D46DE8}") = "Лаб 07.2. RunawayButton", "Лаб 07.2. RunawayButton", "{0C26158F-9B6E-CFED-57D8-D0DD73B4CA0F}"
EndProject
Project("{FAE04EC0-301F-11D3-BF4B-00C04F79EFBC}") = "RunawayButton", "Лаб 07.2. RunawayButton\RunawayButton.csproj", "{94672366-6798-435A-96B3-9F4F9E28EC57}"
EndProject
Project("{2150E333-8FDC-42A3-9474-1A3956D46DE8}") = "Лаб 07.3. Pulsar", "Лаб 07.3. Pulsar", "{DA26BF4E-780E-EA60-AB7A-2DAE75778FB0}"
EndProject
Project("{FAE04EC0-301F-11D3-BF4B-00C04F79EFBC}") = "Pulsar", "Лаб 07.3. Pulsar\Pulsar.csproj", "{1BEC3855-2DE2-4316-AB8D-2F9982CBA003}"
EndProject
Project("{2150E333-8FDC-42A3-9474-1A3956D46DE8}") = "Лаб 08.1. UiScaling", "Лаб 08.1. UiScaling", "{EDEDC7C6-90AF-995B-C633-B7C4DBC8FCBE}"
EndProject
Project("{FAE04EC0-301F-11D3-BF4B-00C04F79EFBC}") = "UiScaling", "Лаб 08.1. UiScaling\UiScaling.csproj", "{767B1F48-602E-4BEE-B2E3-C57F6F4F6A44}"
EndProject
Project("{2150E333-8FDC-42A3-9474-1A3956D46DE8}") = "Лаб 08.2. TextEditor", "Лаб 08.2. TextEditor", "{F83C839E-092F-F724-07DA-03ECDAAF97DB}"
EndProject
Project("{FAE04EC0-301F-11D3-BF4B-00C04F79EFBC}") = "TextEditor", "Лаб 08.2. TextEditor\TextEditor.csproj", "{B2AEE165-F95F-4C9D-8A3C-41E7FA42C42D}"
EndProject
Project("{2150E333-8FDC-42A3-9474-1A3956D46DE8}") = "Лаб 09. LightAnimation", "Лаб 09. LightAnimation", "{1ADAC30B-CA01-2208-E6E8-44DCFCBD10C0}"
EndProject
Project("{FAE04EC0-301F-11D3-BF4B-00C04F79EFBC}") = "LightAnimation", "Лаб 09. LightAnimation\LightAnimation.csproj", "{EE94F69B-53B5-458A-8740-23993B31435D}"
EndProject
Project("{2150E333-8FDC-42A3-9474-1A3956D46DE8}") = "Лаб 10. Switches", "Лаб 10. Switches", "{344498F3-C5A6-4A08-083B-A1D98AB078C4}"
EndProject
Project("{FAE04EC0-301F-11D3-BF4B-00C04F79EFBC}") = "Switches", "Лаб 10. Switches\Switches.csproj", "{F8151118-6618-430C-B0FA-6BE4E8261CDE}"
EndProject
Project("{2150E333-8FDC-42A3-9474-1A3956D46DE8}") = "Лаб 11. ImageViewer", "Лаб 11. ImageViewer", "{708C48CA-A49D-72EF-D953-24D88043C7B2}"
EndProject
Project("{FAE04EC0-301F-11D3-BF4B-00C04F79EFBC}") = "ImageViewer", "Лаб 11. ImageViewer\ImageViewer.csproj", "{6F86A273-D97C-444A-AFDA-D64AAE0B2530}"
EndProject
Project("{2150E333-8FDC-42A3-9474-1A3956D46DE8}") = "Лаб 12. RoadSigns", "Лаб 12. RoadSigns", "{39FAD478-6EF3-23FC-41DD-CD6D10102041}"
EndProject
Project("{FAE04EC0-301F-11D3-BF4B-00C04F79EFBC}") = "RoadSigns", "Лаб 12. RoadSigns\RoadSigns.csproj", "{328402C2-CC63-4CFB-B7C2-D1E35C896AFA}"
EndProject
Project("{2150E333-8FDC-42A3-9474-1A3956D46DE8}") = "Лаб 13. ProductCarousel", "Лаб 13. ProductCarousel", "{0821EB5E-CCAD-5C04-2ED6-9FDC57776641}"
EndProject
Project("{FAE04EC0-301F-11D3-BF4B-00C04F79EFBC}") = "ProductCarousel", "Лаб 13. ProductCarousel\ProductCarousel.csproj", "{2C7B2531-87EE-4669-9A66-F0EE2F5A0BFB}"
EndProject
Global
	GlobalSection(SolutionConfigurationPlatforms) = preSolution
		Debug|Any CPU = Debug|Any CPU
		Debug|x64 = Debug|x64
		Debug|x86 = Debug|x86
		Release|Any CPU = Release|Any CPU
		Release|x64 = Release|x64
		Release|x86 = Release|x86
	EndGlobalSection
	GlobalSection(ProjectConfigurationPlatforms) = postSolution
		{6C6E9B61-DFB5-4BB6-A258-E52F13B12328}.Debug|Any CPU.ActiveCfg = Debug|Any CPU
		{6C6E9B61-DFB5-4BB6-A258-E52F13B12328}.Debug|Any CPU.Build.0 = Debug|Any CPU
		{6C6E9B61-DFB5-4BB6-A258-E52F13B12328}.Debug|x64.ActiveCfg = Debug|Any CPU
		{6C6E9B61-DFB5-4BB6-A258-E52F13B12328}.Debug|x64.Build.0 = Debug|Any CPU
		{6C6E9B61-DFB5-4BB6-A258-E52F13B12328}.Debug|x86.ActiveCfg = Debug|Any CPU
		{6C6E9B61-DFB5-4BB6-A258-E52F13B12328}.Debug|x86.Build.0 = Debug|Any CPU
		{6C6E9B61-DFB5-4BB6-A258-E52F13B12328}.Release|Any CPU.ActiveCfg = Release|Any CPU
		{6C6E9B61-DFB5-4BB6-A258-E52F13B12328}.Release|Any CPU.Build.0 = Release|Any CPU
		{6C6E9B61-DFB5-4BB6-A258-E52F13B12328}.Release|x64.ActiveCfg = Release|Any CPU
		{6C6E9B61-DFB5-4BB6-A258-E52F13B12328}.Release|x64.Build.0 = Release|Any CPU
		{6C6E9B61-DFB5-4BB6-A258-E52F13B12328}.Release|x86.ActiveCfg = Release|Any CPU
		{6C6E9B61-DFB5-4BB6-A258-E52F13B12328}.Release|x86.Build.0 = Release|Any CPU
		{A6C823E2-F686-436F-AB10-321A455A5086}.Debug|Any CPU.ActiveCfg = Debug|Any CPU
		{A6C823E2-F686-436F-AB10-321A455A5086}.Debug|Any CPU.Build.0 = Debug|Any CPU
		{A6C823E2-F686-436F-AB10-321A455A5086}.Debug|x64.ActiveCfg = Debug|Any CPU
		{A6C823E2-F686-436F-AB10-321A455A5086}.Debug|x64.Build.0 = Debug|Any CPU
		{A6C823E2-F686-436F-AB10-321A455A5086}.Debug|x86.ActiveCfg = Debug|Any CPU
		{A6C823E2-F686-436F-AB10-321A455A5086}.Debug|x86.Build.0 = Debug|Any CPU
		{A6C823E2-F686-436F-AB10-321A455A5086}.Release|Any CPU.ActiveCfg = Release|Any CPU
		{A6C823E2-F686-436F-AB10-321A455A5086}.Release|Any CPU.Build.0 = Release|Any CPU
		{A6C823E2-F686-436F-AB10-321A455A5086}.Release|x64.ActiveCfg = Release|Any CPU
		{A6C823E2-F686-436F-AB10-321A455A5086}.Release|x64.Build.0 = Release|Any CPU
		{A6C823E2-F686-436F-AB10-321A455A5086}.Release|x86.ActiveCfg = Release|Any CPU
		{A6C823E2-F686-436F-AB10-321A455A5086}.Release|x86.Build.0 = Release|Any CPU
		{C281A7DF-1706-4F39-9F3A-F387EAB0B877}.Debug|Any CPU.ActiveCfg = Debug|Any CPU
		{C281A7DF-1706-4F39-9F3A-F387EAB0B877}.Debug|Any CPU.Build.0 = Debug|Any CPU
		{C281A7DF-1706-4F39-9F3A-F387EAB0B877}.Debug|x64.ActiveCfg = Debug|Any CPU
		{C281A7DF-1706-4F39-9F3A-F387EAB0B877}.Debug|x64.Build.0 = Debug|Any CPU
		{C281A7DF-1706-4F39-9F3A-F387EAB0B877}.Debug|x86.ActiveCfg = Debug|Any CPU
		{C281A7DF-1706-4F39-9F3A-F387EAB0B877}.Debug|x86.Build.0 = Debug|Any CPU
		{C281A7DF-1706-4F39-9F3A-F387EAB0B877}.Release|Any CPU.ActiveCfg = Release|Any CPU
		{C281A7DF-1706-4F39-9F3A-F387EAB0B877}.Release|Any CPU.Build.0 = Release|Any CPU
		{C281A7DF-1706-4F39-9F3A-F387EAB0B877}.Release|x64.ActiveCfg = Release|Any CPU
		{C281A7DF-1706-4F39-9F3A-F387EAB0B877}.Release|x64.Build.0 = Release|Any CPU
		{C281A7DF-1706-4F39-9F3A-F387EAB0B877}.Release|x86.ActiveCfg = Release|Any CPU
		{C281A7DF-1706-4F39-9F3A-F387EAB0B877}.Release|x86.Build.0 = Release|Any CPU
		{AE1BF326-23DA-4B99-9495-99F896359C85}.Debug|Any CPU.ActiveCfg = Debug|Any CPU
		{AE1BF326-23DA-4B99-9495-99F896359C85}.Debug|Any CPU.Build.0 = Debug|Any CPU
		{AE1BF326-23DA-4B99-9495-99F896359C85}.Debug|x64.ActiveCfg = Debug|Any CPU
		{AE1BF326-23DA-4B99-9495-99F896359C85}.Debug|x64.Build.0 = Debug|Any CPU
		{AE1BF326-23DA-4B99-9495-99F896359C85}.Debug|x86.ActiveCfg = Debug|Any CPU
		{AE1BF326-23DA-4B99-9495-99F896359C85}.Debug|x86.Build.0 = Debug|Any CPU
		{AE1BF326-23DA-4B99-9495-99F896359C85}.Release|Any CPU.ActiveCfg = Release|Any CPU
		{AE1BF326-23DA-4B99-9495-99F896359C85}.Release|Any CPU.Build.0 = Release|Any CPU
		{AE1BF326-23DA-4B99-9495-99F896359C85}.Release|x64.ActiveCfg = Release|Any CPU
		{AE1BF326-23DA-4B99-9495-99F896359C85}.Release|x64.Build.0 = Release|Any CPU
		{AE1BF326-23DA-4B99-9495-99F896359C85}.Release|x86.ActiveCfg = Release|Any CPU
		{AE1BF326-23DA-4B99-9495-99F896359C85}.Release|x86.Build.0 = Release|Any CPU
		{22623BE7-B6BF-45AE-8985-CABD45809D9A}.Debug|Any CPU.ActiveCfg = Debug|Any CPU
		{22623BE7-B6BF-45AE-8985-CABD45809D9A}.Debug|Any CPU.Build.0 = Debug|Any CPU
		{22623BE7-B6BF-45AE-8985-CABD45809D9A}.Debug|x64.ActiveCfg = Debug|Any CPU
		{22623BE7-B6BF-45AE-8985-CABD45809D9A}.Debug|x64.Build.0 = Debug|Any CPU
		{22623BE7-B6BF-45AE-8985-CABD45809D9A}.Debug|x86.ActiveCfg = Debug|Any CPU
		{22623BE7-B6BF-45AE-8985-CABD45809D9A}.Debug|x86.Build.0 = Debug|Any CPU
		{22623BE7-B6BF-45AE-8985-CABD45809D9A}.Release|Any CPU.ActiveCfg = Release|Any CPU
		{22623BE7-B6BF-45AE-8985-CABD45809D9A}.Release|Any CPU.Build.0 = Release|Any CPU
		{22623BE7-B6BF-45AE-8985-CABD45809D9A}.Release|x64.ActiveCfg = Release|Any CPU
		{22623BE7-B6BF-45AE-8985-CABD45809D9A}.Release|x64.Build.0 = Release|Any CPU
		{22623BE7-B6BF-45AE-8985-CABD45809D9A}.Release|x86.ActiveCfg = Release|Any CPU
		{22623BE7-B6BF-45AE-8985-CABD45809D9A}.Release|x86.Build.0 = Release|Any CPU
		{07FD557A-8CF1-4430-B023-CB53BE05FCC4}.Debug|Any CPU.ActiveCfg = Debug|Any CPU
		{07FD557A-8CF1-4430-B023-CB53BE05FCC4}.Debug|Any CPU.Build.0 = Debug|Any CPU
		{07FD557A-8CF1-4430-B023-CB53BE05FCC4}.Debug|x64.ActiveCfg = Debug|Any CPU
		{07FD557A-8CF1-4430-B023-CB53BE05FCC4}.Debug|x64.Build.0 = Debug|Any CPU
		{07FD557A-8CF1-4430-B023-CB53BE05FCC4}.Debug|x86.ActiveCfg = Debug|Any CPU
		{07FD557A-8CF1-4430-B023-CB53BE05FCC4}.Debug|x86.Build.0 = Debug|Any CPU
		{07FD557A-8CF1-4430-B023-CB53BE05FCC4}.Release|Any CPU.ActiveCfg = Release|Any CPU
		{07FD557A-8CF1-4430-B023-CB53BE05FCC4}.Release|Any CPU.Build.0 = Release|Any CPU
		{07FD557A-8CF1-4430-B023-CB53BE05FCC4}.Release|x64.ActiveCfg = Release|Any CPU
		{07FD557A-8CF1-4430-B023-CB53BE05FCC4}.Release|x64.Build.0 = Release|Any CPU
		{07FD557A-8CF1-4430-B023-CB53BE05FCC4}.Release|x86.ActiveCfg = Release|Any CPU
		{07FD557A-8CF1-4430-B023-CB53BE05FCC4}.Release|x86.Build.0 = Release|Any CPU
		{B787166C-78E3-473D-BE84-952B22222954}.Debug|Any CPU.ActiveCfg = Debug|Any CPU
		{B787166C-78E3-473D-BE84-952B22222954}.Debug|Any CPU.Build.0 = Debug|Any CPU
		{B787166C-78E3-473D-BE84-952B22222954}.Debug|x64.ActiveCfg = Debug|Any CPU
		{B787166C-78E3-473D-BE84-952B22222954}.Debug|x64.Build.0 = Debug|Any CPU
		{B787166C-78E3-473D-BE84-952B22222954}.Debug|x86.ActiveCfg = Debug|Any CPU
		{B787166C-78E3-473D-BE84-952B22222954}.Debug|x86.Build.0 = Debug|Any CPU
		{B787166C-78E3-473D-BE84-952B22222954}.Release|Any CPU.ActiveCfg = Release|Any CPU
		{B787166C-78E3-473D-BE84-952B22222954}.Release|Any CPU.Build.0 = Release|Any CPU
		{B787166C-78E3-473D-BE84-952B22222954}.Release|x64.ActiveCfg = Release|Any CPU
		{B787166C-78E3-473D-BE84-952B22222954}.Release|x64.Build.0 = Release|Any CPU
		{B787166C-78E3-473D-BE84-952B22222954}.Release|x86.ActiveCfg = Release|Any CPU
		{B787166C-78E3-473D-BE84-952B22222954}.Release|x86.Build.0 = Release|Any CPU
		{1308D921-F831-49E8-9BBB-7FEF748C4E5E}.Debug|Any CPU.ActiveCfg = Debug|Any CPU
		{1308D921-F831-49E8-9BBB-7FEF748C4E5E}.Debug|Any CPU.Build.0 = Debug|Any CPU
		{1308D921-F831-49E8-9BBB-7FEF748C4E5E}.Debug|x64.ActiveCfg = Debug|Any CPU
		{1308D921-F831-49E8-9BBB-7FEF748C4E5E}.Debug|x64.Build.0 = Debug|Any CPU
		{1308D921-F831-49E8-9BBB-7FEF748C4E5E}.Debug|x86.ActiveCfg = Debug|Any CPU
		{1308D921-F831-49E8-9BBB-7FEF748C4E5E}.Debug|x86.Build.0 = Debug|Any CPU
		{1308D921-F831-49E8-9BBB-7FEF748C4E5E}.Release|Any CPU.ActiveCfg = Release|Any CPU
		{1308D921-F831-49E8-9BBB-7FEF748C4E5E}.Release|Any CPU.Build.0 = Release|Any CPU
		{1308D921-F831-49E8-9BBB-7FEF748C4E5E}.Release|x64.ActiveCfg = Release|Any CPU
		{1308D921-F831-49E8-9BBB-7FEF748C4E5E}.Release|x64.Build.0 = Release|Any CPU
		{1308D921-F831-49E8-9BBB-7FEF748C4E5E}.Release|x86.ActiveCfg = Release|Any CPU
		{1308D921-F831-49E8-9BBB-7FEF748C4E5E}.Release|x86.Build.0 = Release|Any CPU
		{154028DA-20BC-488D-AD15-98F0A6C28B7E}.Debug|Any CPU.ActiveCfg = Debug|Any CPU
		{154028DA-20BC-488D-AD15-98F0A6C28B7E}.Debug|Any CPU.Build.0 = Debug|Any CPU
		{154028DA-20BC-488D-AD15-98F0A6C28B7E}.Debug|x64.ActiveCfg = Debug|Any CPU
		{154028DA-20BC-488D-AD15-98F0A6C28B7E}.Debug|x64.Build.0 = Debug|Any CPU
		{154028DA-20BC-488D-AD15-98F0A6C28B7E}.Debug|x86.ActiveCfg = Debug|Any CPU
		{154028DA-20BC-488D-AD15-98F0A6C28B7E}.Debug|x86.Build.0 = Debug|Any CPU
		{154028DA-20BC-488D-AD15-98F0A6C28B7E}.Release|Any CPU.ActiveCfg = Release|Any CPU
		{154028DA-20BC-488D-AD15-98F0A6C28B7E}.Release|Any CPU.Build.0 = Release|Any CPU
		{154028DA-20BC-488D-AD15-98F0A6C28B7E}.Release|x64.ActiveCfg = Release|Any CPU
		{154028DA-20BC-488D-AD15-98F0A6C28B7E}.Release|x64.Build.0 = Release|Any CPU
		{154028DA-20BC-488D-AD15-98F0A6C28B7E}.Release|x86.ActiveCfg = Release|Any CPU
		{154028DA-20BC-488D-AD15-98F0A6C28B7E}.Release|x86.Build.0 = Release|Any CPU
		{8A02845D-318E-4959-9C95-A0F1CA66406D}.Debug|Any CPU.ActiveCfg = Debug|Any CPU
		{8A02845D-318E-4959-9C95-A0F1CA66406D}.Debug|Any CPU.Build.0 = Debug|Any CPU
		{8A02845D-318E-4959-9C95-A0F1CA66406D}.Debug|x64.ActiveCfg = Debug|Any CPU
		{8A02845D-318E-4959-9C95-A0F1CA66406D}.Debug|x64.Build.0 = Debug|Any CPU
		{8A02845D-318E-4959-9C95-A0F1CA66406D}.Debug|x86.ActiveCfg = Debug|Any CPU
		{8A02845D-318E-4959-9C95-A0F1CA66406D}.Debug|x86.Build.0 = Debug|Any CPU
		{8A02845D-318E-4959-9C95-A0F1CA66406D}.Release|Any CPU.ActiveCfg = Release|Any CPU
		{8A02845D-318E-4959-9C95-A0F1CA66406D}.Release|Any CPU.Build.0 = Release|Any CPU
		{8A02845D-318E-4959-9C95-A0F1CA66406D}.Release|x64.ActiveCfg = Release|Any CPU
		{8A02845D-318E-4959-9C95-A0F1CA66406D}.Release|x64.Build.0 = Release|Any CPU
		{8A02845D-318E-4959-9C95-A0F1CA66406D}.Release|x86.ActiveCfg = Release|Any CPU
		{8A02845D-318E-4959-9C95-A0F1CA66406D}.Release|x86.Build.0 = Release|Any CPU
		{5617EFB5-71F5-434D-AB83-016A96BA76AB}.Debug|Any CPU.ActiveCfg = Debug|Any CPU
		{5617EFB5-71F5-434D-AB83-016A96BA76AB}.Debug|Any CPU.Build.0 = Debug|Any CPU
		{5617EFB5-71F5-434D-AB83-016A96BA76AB}.Debug|x64.ActiveCfg = Debug|Any CPU
		{5617EFB5-71F5-434D-AB83-016A96BA76AB}.Debug|x64.Build.0 = Debug|Any CPU
		{5617EFB5-71F5-434D-AB83-016A96BA76AB}.Debug|x86.ActiveCfg = Debug|Any CPU
		{5617EFB5-71F5-434D-AB83-016A96BA76AB}.Debug|x86.Build.0 = Debug|Any CPU
		{5617EFB5-71F5-434D-AB83-016A96BA76AB}.Release|Any CPU.ActiveCfg = Release|Any CPU
		{5617EFB5-71F5-434D-AB83-016A96BA76AB}.Release|Any CPU.Build.0 = Release|Any CPU
		{5617EFB5-71F5-434D-AB83-016A96BA76AB}.Release|x64.ActiveCfg = Release|Any CPU
		{5617EFB5-71F5-434D-AB83-016A96BA76AB}.Release|x64.Build.0 = Release|Any CPU
		{5617EFB5-71F5-434D-AB83-016A96BA76AB}.Release|x86.ActiveCfg = Release|Any CPU
		{5617EFB5-71F5-434D-AB83-016A96BA76AB}.Release|x86.Build.0 = Release|Any CPU
		{D9016ABB-CACA-4D1D-8C65-057A9945C3CB}.Debug|Any CPU.ActiveCfg = Debug|Any CPU
		{D9016ABB-CACA-4D1D-8C65-057A9945C3CB}.Debug|Any CPU.Build.0 = Debug|Any CPU
		{D9016ABB-CACA-4D1D-8C65-057A9945C3CB}.Debug|x64.ActiveCfg = Debug|Any CPU
		{D9016ABB-CACA-4D1D-8C65-057A9945C3CB}.Debug|x64.Build.0 = Debug|Any CPU
		{D9016ABB-CACA-4D1D-8C65-057A9945C3CB}.Debug|x86.ActiveCfg = Debug|Any CPU
		{D9016ABB-CACA-4D1D-8C65-057A9945C3CB}.Debug|x86.Build.0 = Debug|Any CPU
		{D9016ABB-CACA-4D1D-8C65-057A9945C3CB}.Release|Any CPU.ActiveCfg = Release|Any CPU
		{D9016ABB-CACA-4D1D-8C65-057A9945C3CB}.Release|Any CPU.Build.0 = Release|Any CPU
		{D9016ABB-CACA-4D1D-8C65-057A9945C3CB}.Release|x64.ActiveCfg = Release|Any CPU
		{D9016ABB-CACA-4D1D-8C65-057A9945C3CB}.Release|x64.Build.0 = Release|Any CPU
		{D9016ABB-CACA-4D1D-8C65-057A9945C3CB}.Release|x86.ActiveCfg = Release|Any CPU
		{D9016ABB-CACA-4D1D-8C65-057A9945C3CB}.Release|x86.Build.0 = Release|Any CPU
		{94672366-6798-435A-96B3-9F4F9E28EC57}.Debug|Any CPU.ActiveCfg = Debug|Any CPU
		{94672366-6798-435A-96B3-9F4F9E28EC57}.Debug|Any CPU.Build.0 = Debug|Any CPU
		{94672366-6798-435A-96B3-9F4F9E28EC57}.Debug|x64.ActiveCfg = Debug|Any CPU
		{94672366-6798-435A-96B3-9F4F9E28EC57}.Debug|x64.Build.0 = Debug|Any CPU
		{94672366-6798-435A-96B3-9F4F9E28EC57}.Debug|x86.ActiveCfg = Debug|Any CPU
		{94672366-6798-435A-96B3-9F4F9E28EC57}.Debug|x86.Build.0 = Debug|Any CPU
		{94672366-6798-435A-96B3-9F4F9E28EC57}.Release|Any CPU.ActiveCfg = Release|Any CPU
		{94672366-6798-435A-96B3-9F4F9E28EC57}.Release|Any CPU.Build.0 = Release|Any CPU
		{94672366-6798-435A-96B3-9F4F9E28EC57}.Release|x64.ActiveCfg = Release|Any CPU
		{94672366-6798-435A-96B3-9F4F9E28EC57}.Release|x64.Build.0 = Release|Any CPU
		{94672366-6798-435A-96B3-9F4F9E28EC57}.Release|x86.ActiveCfg = Release|Any CPU
		{94672366-6798-435A-96B3-9F4F9E28EC57}.Release|x86.Build.0 = Release|Any CPU
		{1BEC3855-2DE2-4316-AB8D-2F9982CBA003}.Debug|Any CPU.ActiveCfg = Debug|Any CPU
		{1BEC3855-2DE2-4316-AB8D-2F9982CBA003}.Debug|Any CPU.Build.0 = Debug|Any CPU
		{1BEC3855-2DE2-4316-AB8D-2F9982CBA003}.Debug|x64.ActiveCfg = Debug|Any CPU
		{1BEC3855-2DE2-4316-AB8D-2F9982CBA003}.Debug|x64.Build.0 = Debug|Any CPU
		{1BEC3855-2DE2-4316-AB8D-2F9982CBA003}.Debug|x86.ActiveCfg = Debug|Any CPU
		{1BEC3855-2DE2-4316-AB8D-2F9982CBA003}.Debug|x86.Build.0 = Debug|Any CPU
		{1BEC3855-2DE2-4316-AB8D-2F9982CBA003}.Release|Any CPU.ActiveCfg = Release|Any CPU
		{1BEC3855-2DE2-4316-AB8D-2F9982CBA003}.Release|Any CPU.Build.0 = Release|Any CPU
		{1BEC3855-2DE2-4316-AB8D-2F9982CBA003}.Release|x64.ActiveCfg = Release|Any CPU
		{1BEC3855-2DE2-4316-AB8D-2F9982CBA003}.Release|x64.Build.0 = Release|Any CPU
		{1BEC3855-2DE2-4316-AB8D-2F9982CBA003}.Release|x86.ActiveCfg = Release|Any CPU
		{1BEC3855-2DE2-4316-AB8D-2F9982CBA003}.Release|x86.Build.0 = Release|Any CPU
		{767B1F48-602E-4BEE-B2E3-C57F6F4F6A44}.Debug|Any CPU.ActiveCfg = Debug|Any CPU
		{767B1F48-602E-4BEE-B2E3-C57F6F4F6A44}.Debug|Any CPU.Build.0 = Debug|Any CPU
		{767B1F48-602E-4BEE-B2E3-C57F6F4F6A44}.Debug|x64.ActiveCfg = Debug|Any CPU
		{767B1F48-602E-4BEE-B2E3-C57F6F4F6A44}.Debug|x64.Build.0 = Debug|Any CPU
		{767B1F48-602E-4BEE-B2E3-C57F6F4F6A44}.Debug|x86.ActiveCfg = Debug|Any CPU
		{767B1F48-602E-4BEE-B2E3-C57F6F4F6A44}.Debug|x86.Build.0 = Debug|Any CPU
		{767B1F48-602E-4BEE-B2E3-C57F6F4F6A44}.Release|Any CPU.ActiveCfg = Release|Any CPU
		{767B1F48-602E-4BEE-B2E3-C57F6F4F6A44}.Release|Any CPU.Build.0 = Release|Any CPU
		{767B1F48-602E-4BEE-B2E3-C57F6F4F6A44}.Release|x64.ActiveCfg = Release|Any CPU
		{767B1F48-602E-4BEE-B2E3-C57F6F4F6A44}.Release|x64.Build.0 = Release|Any CPU
		{767B1F48-602E-4BEE-B2E3-C57F6F4F6A44}.Release|x86.ActiveCfg = Release|Any CPU
		{767B1F48-602E-4BEE-B2E3-C57F6F4F6A44}.Release|x86.Build.0 = Release|Any CPU
		{B2AEE165-F95F-4C9D-8A3C-41E7FA42C42D}.Debug|Any CPU.ActiveCfg = Debug|Any CPU
		{B2AEE165-F95F-4C9D-8A3C-41E7FA42C42D}.Debug|Any CPU.Build.0 = Debug|Any CPU
		{B2AEE165-F95F-4C9D-8A3C-41E7FA42C42D}.Debug|x64.ActiveCfg = Debug|Any CPU
		{B2AEE165-F95F-4C9D-8A3C-41E7FA42C42D}.Debug|x64.Build.0 = Debug|Any CPU
		{B2AEE165-F95F-4C9D-8A3C-41E7FA42C42D}.Debug|x86.ActiveCfg = Debug|Any CPU
		{B2AEE165-F95F-4C9D-8A3C-41E7FA42C42D}.Debug|x86.Build.0 = Debug|Any CPU
		{B2AEE165-F95F-4C9D-8A3C-41E7FA42C42D}.Release|Any CPU.ActiveCfg = Release|Any CPU
		{B2AEE165-F95F-4C9D-8A3C-41E7FA42C42D}.Release|Any CPU.Build.0 = Release|Any CPU
		{B2AEE165-F95F-4C9D-8A3C-41E7FA42C42D}.Release|x64.ActiveCfg = Release|Any CPU
		{B2AEE165-F95F-4C9D-8A3C-41E7FA42C42D}.Release|x64.Build.0 = Release|Any CPU
		{B2AEE165-F95F-4C9D-8A3C-41E7FA42C42D}.Release|x86.ActiveCfg = Release|Any CPU
		{B2AEE165-F95F-4C9D-8A3C-41E7FA42C42D}.Release|x86.Build.0 = Release|Any CPU
		{EE94F69B-53B5-458A-8740-23993B31435D}.Debug|Any CPU.ActiveCfg = Debug|Any CPU
		{EE94F69B-53B5-458A-8740-23993B31435D}.Debug|Any CPU.Build.0 = Debug|Any CPU
		{EE94F69B-53B5-458A-8740-23993B31435D}.Debug|x64.ActiveCfg = Debug|Any CPU
		{EE94F69B-53B5-458A-8740-23993B31435D}.Debug|x64.Build.0 = Debug|Any CPU
		{EE94F69B-53B5-458A-8740-23993B31435D}.Debug|x86.ActiveCfg = Debug|Any CPU
		{EE94F69B-53B5-458A-8740-23993B31435D}.Debug|x86.Build.0 = Debug|Any CPU
		{EE94F69B-53B5-458A-8740-23993B31435D}.Release|Any CPU.ActiveCfg = Release|Any CPU
		{EE94F69B-53B5-458A-8740-23993B31435D}.Release|Any CPU.Build.0 = Release|Any CPU
		{EE94F69B-53B5-458A-8740-23993B31435D}.Release|x64.ActiveCfg = Release|Any CPU
		{EE94F69B-53B5-458A-8740-23993B31435D}.Release|x64.Build.0 = Release|Any CPU
		{EE94F69B-53B5-458A-8740-23993B31435D}.Release|x86.ActiveCfg = Release|Any CPU
		{EE94F69B-53B5-458A-8740-23993B31435D}.Release|x86.Build.0 = Release|Any CPU
		{F8151118-6618-430C-B0FA-6BE4E8261CDE}.Debug|Any CPU.ActiveCfg = Debug|Any CPU
		{F8151118-6618-430C-B0FA-6BE4E8261CDE}.Debug|Any CPU.Build.0 = Debug|Any CPU
		{F8151118-6618-430C-B0FA-6BE4E8261CDE}.Debug|x64.ActiveCfg = Debug|Any CPU
		{F8151118-6618-430C-B0FA-6BE4E8261CDE}.Debug|x64.Build.0 = Debug|Any CPU
		{F8151118-6618-430C-B0FA-6BE4E8261CDE}.Debug|x86.ActiveCfg = Debug|Any CPU
		{F8151118-6618-430C-B0FA-6BE4E8261CDE}.Debug|x86.Build.0 = Debug|Any CPU
		{F8151118-6618-430C-B0FA-6BE4E8261CDE}.Release|Any CPU.ActiveCfg = Release|Any CPU
		{F8151118-6618-430C-B0FA-6BE4E8261CDE}.Release|Any CPU.Build.0 = Release|Any CPU
		{F8151118-6618-430C-B0FA-6BE4E8261CDE}.Release|x64.ActiveCfg = Release|Any CPU
		{F8151118-6618-430C-B0FA-6BE4E8261CDE}.Release|x64.Build.0 = Release|Any CPU
		{F8151118-6618-430C-B0FA-6BE4E8261CDE}.Release|x86.ActiveCfg = Release|Any CPU
		{F8151118-6618-430C-B0FA-6BE4E8261CDE}.Release|x86.Build.0 = Release|Any CPU
		{6F86A273-D97C-444A-AFDA-D64AAE0B2530}.Debug|Any CPU.ActiveCfg = Debug|Any CPU
		{6F86A273-D97C-444A-AFDA-D64AAE0B2530}.Debug|Any CPU.Build.0 = Debug|Any CPU
		{6F86A273-D97C-444A-AFDA-D64AAE0B2530}.Debug|x64.ActiveCfg = Debug|Any CPU
		{6F86A273-D97C-444A-AFDA-D64AAE0B2530}.Debug|x64.Build.0 = Debug|Any CPU
		{6F86A273-D97C-444A-AFDA-D64AAE0B2530}.Debug|x86.ActiveCfg = Debug|Any CPU
		{6F86A273-D97C-444A-AFDA-D64AAE0B2530}.Debug|x86.Build.0 = Debug|Any CPU
		{6F86A273-D97C-444A-AFDA-D64AAE0B2530}.Release|Any CPU.ActiveCfg = Release|Any CPU
		{6F86A273-D97C-444A-AFDA-D64AAE0B2530}.Release|Any CPU.Build.0 = Release|Any CPU
		{6F86A273-D97C-444A-AFDA-D64AAE0B2530}.Release|x64.ActiveCfg = Release|Any CPU
		{6F86A273-D97C-444A-AFDA-D64AAE0B2530}.Release|x64.Build.0 = Release|Any CPU
		{6F86A273-D97C-444A-AFDA-D64AAE0B2530}.Release|x86.ActiveCfg = Release|Any CPU
		{6F86A273-D97C-444A-AFDA-D64AAE0B2530}.Release|x86.Build.0 = Release|Any CPU
		{328402C2-CC63-4CFB-B7C2-D1E35C896AFA}.Debug|Any CPU.ActiveCfg = Debug|Any CPU
		{328402C2-CC63-4CFB-B7C2-D1E35C896AFA}.Debug|Any CPU.Build.0 = Debug|Any CPU
		{328402C2-CC63-4CFB-B7C2-D1E35C896AFA}.Debug|x64.ActiveCfg = Debug|Any CPU
		{328402C2-CC63-4CFB-B7C2-D1E35C896AFA}.Debug|x64.Build.0 = Debug|Any CPU
		{328402C2-CC63-4CFB-B7C2-D1E35C896AFA}.Debug|x86.ActiveCfg = Debug|Any CPU
		{328402C2-CC63-4CFB-B7C2-D1E35C896AFA}.Debug|x86.Build.0 = Debug|Any CPU
		{328402C2-CC63-4CFB-B7C2-D1E35C896AFA}.Release|Any CPU.ActiveCfg = Release|Any CPU
		{328402C2-CC63-4CFB-B7C2-D1E35C896AFA}.Release|Any CPU.Build.0 = Release|Any CPU
		{328402C2-CC63-4CFB-B7C2-D1E35C896AFA}.Release|x64.ActiveCfg = Release|Any CPU
		{328402C2-CC63-4CFB-B7C2-D1E35C896AFA}.Release|x64.Build.0 = Release|Any CPU
		{328402C2-CC63-4CFB-B7C2-D1E35C896AFA}.Release|x86.ActiveCfg = Release|Any CPU
		{328402C2-CC63-4CFB-B7C2-D1E35C896AFA}.Release|x86.Build.0 = Release|Any CPU
		{2C7B2531-87EE-4669-9A66-F0EE2F5A0BFB}.Debug|Any CPU.ActiveCfg = Debug|Any CPU
		{2C7B2531-87EE-4669-9A66-F0EE2F5A0BFB}.Debug|Any CPU.Build.0 = Debug|Any CPU
		{2C7B2531-87EE-4669-9A66-F0EE2F5A0BFB}.Debug|x64.ActiveCfg = Debug|Any CPU
		{2C7B2531-87EE-4669-9A66-F0EE2F5A0BFB}.Debug|x64.Build.0 = Debug|Any CPU
		{2C7B2531-87EE-4669-9A66-F0EE2F5A0BFB}.Debug|x86.ActiveCfg = Debug|Any CPU
		{2C7B2531-87EE-4669-9A66-F0EE2F5A0BFB}.Debug|x86.Build.0 = Debug|Any CPU
		{2C7B2531-87EE-4669-9A66-F0EE2F5A0BFB}.Release|Any CPU.ActiveCfg = Release|Any CPU
		{2C7B2531-87EE-4669-9A66-F0EE2F5A0BFB}.Release|Any CPU.Build.0 = Release|Any CPU
		{2C7B2531-87EE-4669-9A66-F0EE2F5A0BFB}.Release|x64.ActiveCfg = Release|Any CPU
		{2C7B2531-87EE-4669-9A66-F0EE2F5A0BFB}.Release|x64.Build.0 = Release|Any CPU
		{2C7B2531-87EE-4669-9A66-F0EE2F5A0BFB}.Release|x86.ActiveCfg = Release|Any CPU
		{2C7B2531-87EE-4669-9A66-F0EE2F5A0BFB}.Release|x86.Build.0 = Release|Any CPU
	EndGlobalSection
	GlobalSection(SolutionProperties) = preSolution
		HideSolutionNode = FALSE
	EndGlobalSection
	GlobalSection(NestedProjects) = preSolution
		{6C6E9B61-DFB5-4BB6-A258-E52F13B12328} = {3ABBFDFE-4591-6336-6B71-FDF07D730243}
		{A6C823E2-F686-436F-AB10-321A455A5086} = {C647556B-46E6-EC9F-0D0D-B500AAEE82F3}
		{C281A7DF-1706-4F39-9F3A-F387EAB0B877} = {AA39CB17-F690-31BB-0C0B-45CC6E56C9BA}
		{AE1BF326-23DA-4B99-9495-99F896359C85} = {24C402A7-E864-1F4A-07C5-3C7418F02530}
		{22623BE7-B6BF-45AE-8985-CABD45809D9A} = {4E87F482-69CC-20DF-8B29-06AA39A6299E}
		{07FD557A-8CF1-4430-B023-CB53BE05FCC4} = {E5D1BE39-DE74-3F95-A52C-D89C66FCE595}
		{B787166C-78E3-473D-BE84-952B22222954} = {C5F4466E-B6E5-BDDE-56CC-6D90F83E2C1A}
		{1308D921-F831-49E8-9BBB-7FEF748C4E5E} = {2F537A7F-7676-5962-CAAC-075EC34636A5}
		{154028DA-20BC-488D-AD15-98F0A6C28B7E} = {2CA6A61F-7A15-C148-A7D8-0245DF16EE04}
		{8A02845D-318E-4959-9C95-A0F1CA66406D} = {83612884-8DF8-E89C-AE8C-127CCF0E3501}
		{5617EFB5-71F5-434D-AB83-016A96BA76AB} = {150C6142-0AF2-8B67-4ED8-427C50D64C29}
		{D9016ABB-CACA-4D1D-8C65-057A9945C3CB} = {E2CCEF48-01F7-32EB-0492-4D3B07BC9F47}
		{94672366-6798-435A-96B3-9F4F9E28EC57} = {0C26158F-9B6E-CFED-57D8-D0DD73B4CA0F}
		{1BEC3855-2DE2-4316-AB8D-2F9982CBA003} = {DA26BF4E-780E-EA60-AB7A-2DAE75778FB0}
		{767B1F48-602E-4BEE-B2E3-C57F6F4F6A44} = {EDEDC7C6-90AF-995B-C633-B7C4DBC8FCBE}
		{B2AEE165-F95F-4C9D-8A3C-41E7FA42C42D} = {F83C839E-092F-F724-07DA-03ECDAAF97DB}
		{EE94F69B-53B5-458A-8740-23993B31435D} = {1ADAC30B-CA01-2208-E6E8-44DCFCBD10C0}
		{F8151118-6618-430C-B0FA-6BE4E8261CDE} = {344498F3-C5A6-4A08-083B-A1D98AB078C4}
		{6F86A273-D97C-444A-AFDA-D64AAE0B2530} = {708C48CA-A49D-72EF-D953-24D88043C7B2}
		{328402C2-CC63-4CFB-B7C2-D1E35C896AFA} = {39FAD478-6EF3-23FC-41DD-CD6D10102041}
		{2C7B2531-87EE-4669-9A66-F0EE2F5A0BFB} = {0821EB5E-CCAD-5C04-2ED6-9FDC57776641}
	EndGlobalSection
EndGlobal
